
Microsoft Visual Studio Solution File, Format Version 12.00
# Visual Studio 15
VisualStudioVersion = 15.0.28307.1831
MinimumVisualStudioVersion = 10.0.40219.1
Project("{FAE04EC0-301F-11D3-BF4B-00C04F79EFBC}") = "MVC", "MVC\MVC.csproj", "{0B508267-E0B9-417F-99E2-66BE1D93ECAA}"
EndProject
Project("{FAE04EC0-301F-11D3-BF4B-00C04F79EFBC}") = "Model", "Model\Model.csproj", "{D25868C0-8F0B-4854-94A4-6A2B36CC3D69}"
EndProject
Project("{FAE04EC0-301F-11D3-BF4B-00C04F79EFBC}") = "DAL", "DAL\DAL.csproj", "{043DCF14-D59C-4100-81A6-2E6F3510C48B}"
EndProject
Project("{FAE04EC0-301F-11D3-BF4B-00C04F79EFBC}") = "BLL", "BLL\BLL.csproj", "{64786018-4C49-4FB0-B25A-09CED4F84768}"
EndProject
Project("{FAE04EC0-301F-11D3-BF4B-00C04F79EFBC}") = "BLLTests", "BLLTests\BLLTests.csproj", "{6CE929F3-635B-4C04-9A50-D926B3A7ECCA}"
EndProject
Global
	GlobalSection(SolutionConfigurationPlatforms) = preSolution
		Debug|Any CPU = Debug|Any CPU
		Release|Any CPU = Release|Any CPU
	EndGlobalSection
	GlobalSection(ProjectConfigurationPlatforms) = postSolution
		{0B508267-E0B9-417F-99E2-66BE1D93ECAA}.Debug|Any CPU.ActiveCfg = Debug|Any CPU
		{0B508267-E0B9-417F-99E2-66BE1D93ECAA}.Debug|Any CPU.Build.0 = Debug|Any CPU
		{0B508267-E0B9-417F-99E2-66BE1D93ECAA}.Release|Any CPU.ActiveCfg = Release|Any CPU
		{0B508267-E0B9-417F-99E2-66BE1D93ECAA}.Release|Any CPU.Build.0 = Release|Any CPU
		{D25868C0-8F0B-4854-94A4-6A2B36CC3D69}.Debug|Any CPU.ActiveCfg = Debug|Any CPU
		{D25868C0-8F0B-4854-94A4-6A2B36CC3D69}.Debug|Any CPU.Build.0 = Debug|Any CPU
		{D25868C0-8F0B-4854-94A4-6A2B36CC3D69}.Release|Any CPU.ActiveCfg = Release|Any CPU
		{D25868C0-8F0B-4854-94A4-6A2B36CC3D69}.Release|Any CPU.Build.0 = Release|Any CPU
		{043DCF14-D59C-4100-81A6-2E6F3510C48B}.Debug|Any CPU.ActiveCfg = Debug|Any CPU
		{043DCF14-D59C-4100-81A6-2E6F3510C48B}.Debug|Any CPU.Build.0 = Debug|Any CPU
		{043DCF14-D59C-4100-81A6-2E6F3510C48B}.Release|Any CPU.ActiveCfg = Release|Any CPU
		{043DCF14-D59C-4100-81A6-2E6F3510C48B}.Release|Any CPU.Build.0 = Release|Any CPU
		{64786018-4C49-4FB0-B25A-09CED4F84768}.Debug|Any CPU.ActiveCfg = Debug|Any CPU
		{64786018-4C49-4FB0-B25A-09CED4F84768}.Debug|Any CPU.Build.0 = Debug|Any CPU
		{64786018-4C49-4FB0-B25A-09CED4F84768}.Release|Any CPU.ActiveCfg = Release|Any CPU
		{64786018-4C49-4FB0-B25A-09CED4F84768}.Release|Any CPU.Build.0 = Release|Any CPU
		{6CE929F3-635B-4C04-9A50-D926B3A7ECCA}.Debug|Any CPU.ActiveCfg = Debug|Any CPU
		{6CE929F3-635B-4C04-9A50-D926B3A7ECCA}.Debug|Any CPU.Build.0 = Debug|Any CPU
		{6CE929F3-635B-4C04-9A50-D926B3A7ECCA}.Release|Any CPU.ActiveCfg = Release|Any CPU
		{6CE929F3-635B-4C04-9A50-D926B3A7ECCA}.Release|Any CPU.Build.0 = Release|Any CPU
	EndGlobalSection
	GlobalSection(SolutionProperties) = preSolution
		HideSolutionNode = FALSE
	EndGlobalSection
	GlobalSection(ExtensibilityGlobals) = postSolution
		SolutionGuid = {0A448703-EDD2-44AC-8C73-311D0EC82167}
	EndGlobalSection
EndGlobal
